
Microsoft Visual Studio Solution File, Format Version 12.00
# Visual Studio 2012
Project("{FAE04EC0-301F-11D3-BF4B-00C04F79EFBC}") = "NumberOperation", "NumberOperation\NumberOperation.csproj", "{6E5A3892-875C-4500-A3DC-1F9C430643A1}"
EndProject
Project("{FAE04EC0-301F-11D3-BF4B-00C04F79EFBC}") = "NumberOperationTest", "NumberOperationTest\NumberOperationTest.csproj", "{485AF82C-B612-40E3-B89A-D547AF478797}"
EndProject
Project("{FAE04EC0-301F-11D3-BF4B-00C04F79EFBC}") = "UnitTestProject1", "UnitTestProject1\UnitTestProject1.csproj", "{7D8D4287-0962-400B-A922-38908BFA60FF}"
EndProject
Global
	GlobalSection(SolutionConfigurationPlatforms) = preSolution
		Debug|Any CPU = Debug|Any CPU
		Release|Any CPU = Release|Any CPU
	EndGlobalSection
	GlobalSection(ProjectConfigurationPlatforms) = postSolution
		{6E5A3892-875C-4500-A3DC-1F9C430643A1}.Debug|Any CPU.ActiveCfg = Debug|Any CPU
		{6E5A3892-875C-4500-A3DC-1F9C430643A1}.Debug|Any CPU.Build.0 = Debug|Any CPU
		{6E5A3892-875C-4500-A3DC-1F9C430643A1}.Release|Any CPU.ActiveCfg = Release|Any CPU
		{6E5A3892-875C-4500-A3DC-1F9C430643A1}.Release|Any CPU.Build.0 = Release|Any CPU
		{485AF82C-B612-40E3-B89A-D547AF478797}.Debug|Any CPU.ActiveCfg = Debug|Any CPU
		{485AF82C-B612-40E3-B89A-D547AF478797}.Debug|Any CPU.Build.0 = Debug|Any CPU
		{485AF82C-B612-40E3-B89A-D547AF478797}.Release|Any CPU.ActiveCfg = Release|Any CPU
		{485AF82C-B612-40E3-B89A-D547AF478797}.Release|Any CPU.Build.0 = Release|Any CPU
		{7D8D4287-0962-400B-A922-38908BFA60FF}.Debug|Any CPU.ActiveCfg = Debug|Any CPU
		{7D8D4287-0962-400B-A922-38908BFA60FF}.Debug|Any CPU.Build.0 = Debug|Any CPU
		{7D8D4287-0962-400B-A922-38908BFA60FF}.Release|Any CPU.ActiveCfg = Release|Any CPU
		{7D8D4287-0962-400B-A922-38908BFA60FF}.Release|Any CPU.Build.0 = Release|Any CPU
	EndGlobalSection
	GlobalSection(SolutionProperties) = preSolution
		HideSolutionNode = FALSE
	EndGlobalSection
EndGlobal
